
Microsoft Visual Studio Solution File, Format Version 12.00
# Visual Studio Version 17
VisualStudioVersion = 17.9.34728.123
MinimumVisualStudioVersion = 10.0.40219.1
Project("{FAE04EC0-301F-11D3-BF4B-00C04F79EFBC}") = "KatanaMod", "KatanaMod.csproj", "{EB67E024-BD0E-4721-A818-BFD372A6B926}"
EndProject
Global
	GlobalSection(SolutionConfigurationPlatforms) = preSolution
		Debug|Any CPU = Debug|Any CPU
		Release|Any CPU = Release|Any CPU
	EndGlobalSection
	GlobalSection(ProjectConfigurationPlatforms) = postSolution
		{EB67E024-BD0E-4721-A818-BFD372A6B926}.Debug|Any CPU.ActiveCfg = Debug|Any CPU
		{EB67E024-BD0E-4721-A818-BFD372A6B926}.Debug|Any CPU.Build.0 = Debug|Any CPU
		{EB67E024-BD0E-4721-A818-BFD372A6B926}.Release|Any CPU.ActiveCfg = Release|Any CPU
		{EB67E024-BD0E-4721-A818-BFD372A6B926}.Release|Any CPU.Build.0 = Release|Any CPU
	EndGlobalSection
	GlobalSection(SolutionProperties) = preSolution
		HideSolutionNode = FALSE
	EndGlobalSection
	GlobalSection(ExtensibilityGlobals) = postSolution
		SolutionGuid = {F137E5A1-A409-4205-BBB5-52995D189683}
	EndGlobalSection
EndGlobal
